
Microsoft Visual Studio Solution File, Format Version 12.00
# Visual Studio Version 17
VisualStudioVersion = 17.14.36603.0
MinimumVisualStudioVersion = 10.0.40219.1
Project("{FAE04EC0-301F-11D3-BF4B-00C04F79EFBC}") = "HelloWorld", "HelloWorld\HelloWorld.csproj", "{A8BE1EAC-4B1F-47E7-9552-A7B305C8FCA3}"
EndProject
Project("{FAE04EC0-301F-11D3-BF4B-00C04F79EFBC}") = "TextBox", "TextBox\TextBox.csproj", "{C3609057-E001-4740-82CD-5074A35B1276}"
EndProject
Project("{FAE04EC0-301F-11D3-BF4B-00C04F79EFBC}") = "Button", "Button\Button.csproj", "{AA19E1E8-F559-476E-B144-2D716399A08E}"
EndProject
Global
	GlobalSection(SolutionConfigurationPlatforms) = preSolution
		Debug|Any CPU = Debug|Any CPU
		Release|Any CPU = Release|Any CPU
	EndGlobalSection
	GlobalSection(ProjectConfigurationPlatforms) = postSolution
		{A8BE1EAC-4B1F-47E7-9552-A7B305C8FCA3}.Debug|Any CPU.ActiveCfg = Debug|Any CPU
		{A8BE1EAC-4B1F-47E7-9552-A7B305C8FCA3}.Debug|Any CPU.Build.0 = Debug|Any CPU
		{A8BE1EAC-4B1F-47E7-9552-A7B305C8FCA3}.Release|Any CPU.ActiveCfg = Release|Any CPU
		{A8BE1EAC-4B1F-47E7-9552-A7B305C8FCA3}.Release|Any CPU.Build.0 = Release|Any CPU
		{C3609057-E001-4740-82CD-5074A35B1276}.Debug|Any CPU.ActiveCfg = Debug|Any CPU
		{C3609057-E001-4740-82CD-5074A35B1276}.Debug|Any CPU.Build.0 = Debug|Any CPU
		{C3609057-E001-4740-82CD-5074A35B1276}.Release|Any CPU.ActiveCfg = Release|Any CPU
		{C3609057-E001-4740-82CD-5074A35B1276}.Release|Any CPU.Build.0 = Release|Any CPU
		{AA19E1E8-F559-476E-B144-2D716399A08E}.Debug|Any CPU.ActiveCfg = Debug|Any CPU
		{AA19E1E8-F559-476E-B144-2D716399A08E}.Debug|Any CPU.Build.0 = Debug|Any CPU
		{AA19E1E8-F559-476E-B144-2D716399A08E}.Release|Any CPU.ActiveCfg = Release|Any CPU
		{AA19E1E8-F559-476E-B144-2D716399A08E}.Release|Any CPU.Build.0 = Release|Any CPU
	EndGlobalSection
	GlobalSection(SolutionProperties) = preSolution
		HideSolutionNode = FALSE
	EndGlobalSection
	GlobalSection(ExtensibilityGlobals) = postSolution
		SolutionGuid = {D9C20E94-96AC-4836-8545-5423A3A93F81}
	EndGlobalSection
EndGlobal
